
Microsoft Visual Studio Solution File, Format Version 12.00
# Visual Studio 2013
VisualStudioVersion = 12.0.31101.0
MinimumVisualStudioVersion = 10.0.40219.1
Project("{2150E333-8FDC-42A3-9474-1A3956D46DE8}") = "Shared", "Shared", "{2AD80275-AEBC-4AE8-8655-1A3FB0C53442}"
EndProject
Project("{2150E333-8FDC-42A3-9474-1A3956D46DE8}") = "WP", "WP", "{589A6010-07D6-40BB-ABC0-C5C0436C0FC7}"
EndProject
Project("{2150E333-8FDC-42A3-9474-1A3956D46DE8}") = "Windows", "Windows", "{66CF2B95-122F-4AA6-9CE6-6A246868321A}"
EndProject
Project("{FAE04EC0-301F-11D3-BF4B-00C04F79EFBC}") = "PlanningBudget.Windows", "Windows\PlanningBudget.Windows\PlanningBudget.Windows.csproj", "{1D8442E8-BE71-42C5-89C4-0747F5992475}"
EndProject
Project("{FAE04EC0-301F-11D3-BF4B-00C04F79EFBC}") = "PlanningBudget.Core", "Windows\PlanningBudget.Core\PlanningBudget.Core.csproj", "{BB8E56A6-F24F-4157-B53A-301BEA5D3F79}"
EndProject
Project("{FAE04EC0-301F-11D3-BF4B-00C04F79EFBC}") = "PlanningBudget.Models", "Shared\PlanningBudget.Models\PlanningBudget.Models.csproj", "{2397CB03-2202-4BCA-89A6-3467190B8389}"
EndProject
Project("{FAE04EC0-301F-11D3-BF4B-00C04F79EFBC}") = "PlanningBudget.Resources", "Shared\PlanningBudget.Resources\PlanningBudget.Resources.csproj", "{CCEB5103-B170-4964-9CE3-6B6F47F29C01}"
EndProject
Project("{FAE04EC0-301F-11D3-BF4B-00C04F79EFBC}") = "PlanningBudget.DataAccess", "Shared\PlanningBudget.DataAccess\PlanningBudget.DataAccess.csproj", "{54978340-4D67-4906-8403-253B54FC1CC1}"
EndProject
Project("{FAE04EC0-301F-11D3-BF4B-00C04F79EFBC}") = "PlanningBudget.Core", "Shared\PlanningBudget.Core\PlanningBudget.Core.csproj", "{E643960F-7ECE-4035-A21E-D52D7ED2BBF6}"
EndProject
Project("{FAE04EC0-301F-11D3-BF4B-00C04F79EFBC}") = "PlanningBudget.ViewModels", "Windows\PlanningBudget.ViewModels\PlanningBudget.ViewModels.csproj", "{B34BC515-1BF9-4021-8EA9-27058D1A3D78}"
EndProject
Project("{FAE04EC0-301F-11D3-BF4B-00C04F79EFBC}") = "SQLite", "SQLite\SQLite.csproj", "{F16A5688-2A73-437D-886B-8996861494A5}"
EndProject
Global
	GlobalSection(SolutionConfigurationPlatforms) = preSolution
		Debug|Any CPU = Debug|Any CPU
		Debug|ARM = Debug|ARM
		Debug|x64 = Debug|x64
		Debug|x86 = Debug|x86
		Release|Any CPU = Release|Any CPU
		Release|ARM = Release|ARM
		Release|x64 = Release|x64
		Release|x86 = Release|x86
	EndGlobalSection
	GlobalSection(ProjectConfigurationPlatforms) = postSolution
		{1D8442E8-BE71-42C5-89C4-0747F5992475}.Debug|Any CPU.ActiveCfg = Debug|x86
		{1D8442E8-BE71-42C5-89C4-0747F5992475}.Debug|Any CPU.Build.0 = Debug|x86
		{1D8442E8-BE71-42C5-89C4-0747F5992475}.Debug|Any CPU.Deploy.0 = Debug|x86
		{1D8442E8-BE71-42C5-89C4-0747F5992475}.Debug|ARM.ActiveCfg = Debug|ARM
		{1D8442E8-BE71-42C5-89C4-0747F5992475}.Debug|ARM.Build.0 = Debug|ARM
		{1D8442E8-BE71-42C5-89C4-0747F5992475}.Debug|ARM.Deploy.0 = Debug|ARM
		{1D8442E8-BE71-42C5-89C4-0747F5992475}.Debug|x64.ActiveCfg = Debug|x64
		{1D8442E8-BE71-42C5-89C4-0747F5992475}.Debug|x64.Build.0 = Debug|x64
		{1D8442E8-BE71-42C5-89C4-0747F5992475}.Debug|x64.Deploy.0 = Debug|x64
		{1D8442E8-BE71-42C5-89C4-0747F5992475}.Debug|x86.ActiveCfg = Debug|x86
		{1D8442E8-BE71-42C5-89C4-0747F5992475}.Debug|x86.Build.0 = Debug|x86
		{1D8442E8-BE71-42C5-89C4-0747F5992475}.Debug|x86.Deploy.0 = Debug|x86
		{1D8442E8-BE71-42C5-89C4-0747F5992475}.Release|Any CPU.ActiveCfg = Release|Any CPU
		{1D8442E8-BE71-42C5-89C4-0747F5992475}.Release|Any CPU.Build.0 = Release|Any CPU
		{1D8442E8-BE71-42C5-89C4-0747F5992475}.Release|Any CPU.Deploy.0 = Release|Any CPU
		{1D8442E8-BE71-42C5-89C4-0747F5992475}.Release|ARM.ActiveCfg = Release|ARM
		{1D8442E8-BE71-42C5-89C4-0747F5992475}.Release|ARM.Build.0 = Release|ARM
		{1D8442E8-BE71-42C5-89C4-0747F5992475}.Release|ARM.Deploy.0 = Release|ARM
		{1D8442E8-BE71-42C5-89C4-0747F5992475}.Release|x64.ActiveCfg = Release|x64
		{1D8442E8-BE71-42C5-89C4-0747F5992475}.Release|x64.Build.0 = Release|x64
		{1D8442E8-BE71-42C5-89C4-0747F5992475}.Release|x64.Deploy.0 = Release|x64
		{1D8442E8-BE71-42C5-89C4-0747F5992475}.Release|x86.ActiveCfg = Release|x86
		{1D8442E8-BE71-42C5-89C4-0747F5992475}.Release|x86.Build.0 = Release|x86
		{1D8442E8-BE71-42C5-89C4-0747F5992475}.Release|x86.Deploy.0 = Release|x86
		{BB8E56A6-F24F-4157-B53A-301BEA5D3F79}.Debug|Any CPU.ActiveCfg = Debug|x86
		{BB8E56A6-F24F-4157-B53A-301BEA5D3F79}.Debug|Any CPU.Build.0 = Debug|x86
		{BB8E56A6-F24F-4157-B53A-301BEA5D3F79}.Debug|ARM.ActiveCfg = Debug|ARM
		{BB8E56A6-F24F-4157-B53A-301BEA5D3F79}.Debug|ARM.Build.0 = Debug|ARM
		{BB8E56A6-F24F-4157-B53A-301BEA5D3F79}.Debug|x64.ActiveCfg = Debug|x64
		{BB8E56A6-F24F-4157-B53A-301BEA5D3F79}.Debug|x64.Build.0 = Debug|x64
		{BB8E56A6-F24F-4157-B53A-301BEA5D3F79}.Debug|x86.ActiveCfg = Debug|x86
		{BB8E56A6-F24F-4157-B53A-301BEA5D3F79}.Debug|x86.Build.0 = Debug|x86
		{BB8E56A6-F24F-4157-B53A-301BEA5D3F79}.Release|Any CPU.ActiveCfg = Release|Any CPU
		{BB8E56A6-F24F-4157-B53A-301BEA5D3F79}.Release|Any CPU.Build.0 = Release|Any CPU
		{BB8E56A6-F24F-4157-B53A-301BEA5D3F79}.Release|ARM.ActiveCfg = Release|ARM
		{BB8E56A6-F24F-4157-B53A-301BEA5D3F79}.Release|ARM.Build.0 = Release|ARM
		{BB8E56A6-F24F-4157-B53A-301BEA5D3F79}.Release|x64.ActiveCfg = Release|x64
		{BB8E56A6-F24F-4157-B53A-301BEA5D3F79}.Release|x64.Build.0 = Release|x64
		{BB8E56A6-F24F-4157-B53A-301BEA5D3F79}.Release|x86.ActiveCfg = Release|x86
		{BB8E56A6-F24F-4157-B53A-301BEA5D3F79}.Release|x86.Build.0 = Release|x86
		{2397CB03-2202-4BCA-89A6-3467190B8389}.Debug|Any CPU.ActiveCfg = Debug|Any CPU
		{2397CB03-2202-4BCA-89A6-3467190B8389}.Debug|Any CPU.Build.0 = Debug|Any CPU
		{2397CB03-2202-4BCA-89A6-3467190B8389}.Debug|ARM.ActiveCfg = Debug|Any CPU
		{2397CB03-2202-4BCA-89A6-3467190B8389}.Debug|x64.ActiveCfg = Debug|Any CPU
		{2397CB03-2202-4BCA-89A6-3467190B8389}.Debug|x86.ActiveCfg = Debug|Any CPU
		{2397CB03-2202-4BCA-89A6-3467190B8389}.Release|Any CPU.ActiveCfg = Release|Any CPU
		{2397CB03-2202-4BCA-89A6-3467190B8389}.Release|Any CPU.Build.0 = Release|Any CPU
		{2397CB03-2202-4BCA-89A6-3467190B8389}.Release|ARM.ActiveCfg = Release|Any CPU
		{2397CB03-2202-4BCA-89A6-3467190B8389}.Release|x64.ActiveCfg = Release|Any CPU
		{2397CB03-2202-4BCA-89A6-3467190B8389}.Release|x86.ActiveCfg = Release|Any CPU
		{CCEB5103-B170-4964-9CE3-6B6F47F29C01}.Debug|Any CPU.ActiveCfg = Debug|Any CPU
		{CCEB5103-B170-4964-9CE3-6B6F47F29C01}.Debug|Any CPU.Build.0 = Debug|Any CPU
		{CCEB5103-B170-4964-9CE3-6B6F47F29C01}.Debug|ARM.ActiveCfg = Debug|Any CPU
		{CCEB5103-B170-4964-9CE3-6B6F47F29C01}.Debug|x64.ActiveCfg = Debug|Any CPU
		{CCEB5103-B170-4964-9CE3-6B6F47F29C01}.Debug|x86.ActiveCfg = Debug|Any CPU
		{CCEB5103-B170-4964-9CE3-6B6F47F29C01}.Release|Any CPU.ActiveCfg = Release|Any CPU
		{CCEB5103-B170-4964-9CE3-6B6F47F29C01}.Release|Any CPU.Build.0 = Release|Any CPU
		{CCEB5103-B170-4964-9CE3-6B6F47F29C01}.Release|ARM.ActiveCfg = Release|Any CPU
		{CCEB5103-B170-4964-9CE3-6B6F47F29C01}.Release|x64.ActiveCfg = Release|Any CPU
		{CCEB5103-B170-4964-9CE3-6B6F47F29C01}.Release|x86.ActiveCfg = Release|Any CPU
		{54978340-4D67-4906-8403-253B54FC1CC1}.Debug|Any CPU.ActiveCfg = Debug|Any CPU
		{54978340-4D67-4906-8403-253B54FC1CC1}.Debug|Any CPU.Build.0 = Debug|Any CPU
		{54978340-4D67-4906-8403-253B54FC1CC1}.Debug|ARM.ActiveCfg = Debug|Any CPU
		{54978340-4D67-4906-8403-253B54FC1CC1}.Debug|x64.ActiveCfg = Debug|Any CPU
		{54978340-4D67-4906-8403-253B54FC1CC1}.Debug|x86.ActiveCfg = Debug|Any CPU
		{54978340-4D67-4906-8403-253B54FC1CC1}.Release|Any CPU.ActiveCfg = Release|Any CPU
		{54978340-4D67-4906-8403-253B54FC1CC1}.Release|Any CPU.Build.0 = Release|Any CPU
		{54978340-4D67-4906-8403-253B54FC1CC1}.Release|ARM.ActiveCfg = Release|Any CPU
		{54978340-4D67-4906-8403-253B54FC1CC1}.Release|x64.ActiveCfg = Release|Any CPU
		{54978340-4D67-4906-8403-253B54FC1CC1}.Release|x86.ActiveCfg = Release|Any CPU
		{E643960F-7ECE-4035-A21E-D52D7ED2BBF6}.Debug|Any CPU.ActiveCfg = Debug|Any CPU
		{E643960F-7ECE-4035-A21E-D52D7ED2BBF6}.Debug|Any CPU.Build.0 = Debug|Any CPU
		{E643960F-7ECE-4035-A21E-D52D7ED2BBF6}.Debug|ARM.ActiveCfg = Debug|Any CPU
		{E643960F-7ECE-4035-A21E-D52D7ED2BBF6}.Debug|x64.ActiveCfg = Debug|Any CPU
		{E643960F-7ECE-4035-A21E-D52D7ED2BBF6}.Debug|x86.ActiveCfg = Debug|Any CPU
		{E643960F-7ECE-4035-A21E-D52D7ED2BBF6}.Release|Any CPU.ActiveCfg = Release|Any CPU
		{E643960F-7ECE-4035-A21E-D52D7ED2BBF6}.Release|Any CPU.Build.0 = Release|Any CPU
		{E643960F-7ECE-4035-A21E-D52D7ED2BBF6}.Release|ARM.ActiveCfg = Release|Any CPU
		{E643960F-7ECE-4035-A21E-D52D7ED2BBF6}.Release|x64.ActiveCfg = Release|Any CPU
		{E643960F-7ECE-4035-A21E-D52D7ED2BBF6}.Release|x86.ActiveCfg = Release|Any CPU
		{B34BC515-1BF9-4021-8EA9-27058D1A3D78}.Debug|Any CPU.ActiveCfg = Debug|x86
		{B34BC515-1BF9-4021-8EA9-27058D1A3D78}.Debug|Any CPU.Build.0 = Debug|x86
		{B34BC515-1BF9-4021-8EA9-27058D1A3D78}.Debug|ARM.ActiveCfg = Debug|ARM
		{B34BC515-1BF9-4021-8EA9-27058D1A3D78}.Debug|ARM.Build.0 = Debug|ARM
		{B34BC515-1BF9-4021-8EA9-27058D1A3D78}.Debug|x64.ActiveCfg = Debug|x64
		{B34BC515-1BF9-4021-8EA9-27058D1A3D78}.Debug|x64.Build.0 = Debug|x64
		{B34BC515-1BF9-4021-8EA9-27058D1A3D78}.Debug|x86.ActiveCfg = Debug|x86
		{B34BC515-1BF9-4021-8EA9-27058D1A3D78}.Debug|x86.Build.0 = Debug|x86
		{B34BC515-1BF9-4021-8EA9-27058D1A3D78}.Release|Any CPU.ActiveCfg = Release|Any CPU
		{B34BC515-1BF9-4021-8EA9-27058D1A3D78}.Release|Any CPU.Build.0 = Release|Any CPU
		{B34BC515-1BF9-4021-8EA9-27058D1A3D78}.Release|ARM.ActiveCfg = Release|ARM
		{B34BC515-1BF9-4021-8EA9-27058D1A3D78}.Release|ARM.Build.0 = Release|ARM
		{B34BC515-1BF9-4021-8EA9-27058D1A3D78}.Release|x64.ActiveCfg = Release|x64
		{B34BC515-1BF9-4021-8EA9-27058D1A3D78}.Release|x64.Build.0 = Release|x64
		{B34BC515-1BF9-4021-8EA9-27058D1A3D78}.Release|x86.ActiveCfg = Release|x86
		{B34BC515-1BF9-4021-8EA9-27058D1A3D78}.Release|x86.Build.0 = Release|x86
		{F16A5688-2A73-437D-886B-8996861494A5}.Debug|Any CPU.ActiveCfg = Debug|Any CPU
		{F16A5688-2A73-437D-886B-8996861494A5}.Debug|Any CPU.Build.0 = Debug|Any CPU
		{F16A5688-2A73-437D-886B-8996861494A5}.Debug|ARM.ActiveCfg = Debug|Any CPU
		{F16A5688-2A73-437D-886B-8996861494A5}.Debug|x64.ActiveCfg = Debug|Any CPU
		{F16A5688-2A73-437D-886B-8996861494A5}.Debug|x86.ActiveCfg = Debug|Any CPU
		{F16A5688-2A73-437D-886B-8996861494A5}.Release|Any CPU.ActiveCfg = Release|Any CPU
		{F16A5688-2A73-437D-886B-8996861494A5}.Release|Any CPU.Build.0 = Release|Any CPU
		{F16A5688-2A73-437D-886B-8996861494A5}.Release|ARM.ActiveCfg = Release|Any CPU
		{F16A5688-2A73-437D-886B-8996861494A5}.Release|x64.ActiveCfg = Release|Any CPU
		{F16A5688-2A73-437D-886B-8996861494A5}.Release|x86.ActiveCfg = Release|Any CPU
	EndGlobalSection
	GlobalSection(SolutionProperties) = preSolution
		HideSolutionNode = FALSE
	EndGlobalSection
	GlobalSection(NestedProjects) = preSolution
		{1D8442E8-BE71-42C5-89C4-0747F5992475} = {66CF2B95-122F-4AA6-9CE6-6A246868321A}
		{BB8E56A6-F24F-4157-B53A-301BEA5D3F79} = {66CF2B95-122F-4AA6-9CE6-6A246868321A}
		{2397CB03-2202-4BCA-89A6-3467190B8389} = {2AD80275-AEBC-4AE8-8655-1A3FB0C53442}
		{CCEB5103-B170-4964-9CE3-6B6F47F29C01} = {2AD80275-AEBC-4AE8-8655-1A3FB0C53442}
		{54978340-4D67-4906-8403-253B54FC1CC1} = {2AD80275-AEBC-4AE8-8655-1A3FB0C53442}
		{E643960F-7ECE-4035-A21E-D52D7ED2BBF6} = {2AD80275-AEBC-4AE8-8655-1A3FB0C53442}
		{B34BC515-1BF9-4021-8EA9-27058D1A3D78} = {66CF2B95-122F-4AA6-9CE6-6A246868321A}
		{F16A5688-2A73-437D-886B-8996861494A5} = {2AD80275-AEBC-4AE8-8655-1A3FB0C53442}
	EndGlobalSection
EndGlobal
